
Microsoft Visual Studio Solution File, Format Version 12.00
# Visual Studio Version 16
VisualStudioVersion = 16.0.31321.278
MinimumVisualStudioVersion = 10.0.40219.1
Project("{FAE04EC0-301F-11D3-BF4B-00C04F79EFBC}") = "DieGarage", "DieGarage.csproj", "{6696075C-4517-421A-87B9-29B0DB61CBE5}"
EndProject
Global
	GlobalSection(SolutionConfigurationPlatforms) = preSolution
		Debug|Any CPU = Debug|Any CPU
		Release|Any CPU = Release|Any CPU
	EndGlobalSection
	GlobalSection(ProjectConfigurationPlatforms) = postSolution
		{6696075C-4517-421A-87B9-29B0DB61CBE5}.Debug|Any CPU.ActiveCfg = Debug|Any CPU
		{6696075C-4517-421A-87B9-29B0DB61CBE5}.Debug|Any CPU.Build.0 = Debug|Any CPU
		{6696075C-4517-421A-87B9-29B0DB61CBE5}.Release|Any CPU.ActiveCfg = Release|Any CPU
		{6696075C-4517-421A-87B9-29B0DB61CBE5}.Release|Any CPU.Build.0 = Release|Any CPU
	EndGlobalSection
	GlobalSection(SolutionProperties) = preSolution
		HideSolutionNode = FALSE
	EndGlobalSection
	GlobalSection(ExtensibilityGlobals) = postSolution
		SolutionGuid = {1AAF0BE2-904B-4E51-A299-8ECE053B17DF}
	EndGlobalSection
EndGlobal
